{
  "format_version": "1.1",
  "terraform_version": "1.4.6",
  "variables": {
    "tags_group1": {
      "value": {
        "Custodian": "true",
        "dfds.env": "prod"
      }
    },
    "tags_group2": {
      "value": {
        "dfds.env": "dev"
      }
    }
  },
  "planned_values": {
    "root_module": {
      "resources": [
        {
          "address": "aws_rds_cluster.default",
          "mode": "managed",
          "type": "aws_rds_cluster",
          "name": "default",
          "provider_name": "registry.terraform.io/hashicorp/aws",
          "schema_version": 0,
          "values": {
            "allow_major_version_upgrade": null,
            "availability_zones": [
              "us-west-2a",
              "us-west-2b",
              "us-west-2c"
            ],
            "backtrack_window": null,
            "backup_retention_period": 5,
            "cluster_identifier": "aurora-cluster-demo",
            "copy_tags_to_snapshot": false,
            "database_name": "mydb",
            "db_instance_parameter_group_name": null,
            "deletion_protection": null,
            "enable_global_write_forwarding": false,
            "enable_http_endpoint": false,
            "enabled_cloudwatch_logs_exports": null,
            "engine": "aurora-mysql",
            "engine_mode": "provisioned",
            "engine_version": "5.7.mysql_aurora.2.03.2",
            "final_snapshot_identifier": null,
            "global_cluster_identifier": null,
            "iam_database_authentication_enabled": null,
            "master_password": "bar",
            "master_username": "foo",
            "preferred_backup_window": "07:00-09:00",
            "replication_source_identifier": null,
            "restore_to_point_in_time": [],
            "s3_import": [],
            "scaling_configuration": [],
            "skip_final_snapshot": false,
            "snapshot_identifier": null,
            "source_region": null,
            "tags": {
              "Custodian": "true",
              "dfds.env": "prod"
            },
            "tags_all": {
              "Custodian": "true",
              "dfds.env": "prod"
            },
            "timeouts": null
          },
          "sensitive_values": {
            "availability_zones": [
              false,
              false,
              false
            ],
            "cluster_members": [],
            "iam_roles": [],
            "restore_to_point_in_time": [],
            "s3_import": [],
            "scaling_configuration": [],
            "tags": {},
            "tags_all": {},
            "vpc_security_group_ids": []
          }
        },
        {
          "address": "aws_rds_cluster.default2",
          "mode": "managed",
          "type": "aws_rds_cluster",
          "name": "default2",
          "provider_name": "registry.terraform.io/hashicorp/aws",
          "schema_version": 0,
          "values": {
            "allow_major_version_upgrade": null,
            "availability_zones": [
              "us-west-2a",
              "us-west-2b",
              "us-west-2c"
            ],
            "backtrack_window": null,
            "backup_retention_period": 5,
            "cluster_identifier": "aurora-cluster-demo2",
            "copy_tags_to_snapshot": false,
            "database_name": "mydb",
            "db_instance_parameter_group_name": null,
            "deletion_protection": null,
            "enable_global_write_forwarding": false,
            "enable_http_endpoint": false,
            "enabled_cloudwatch_logs_exports": null,
            "engine": "aurora-mysql",
            "engine_mode": "provisioned",
            "engine_version": "5.7.mysql_aurora.2.03.2",
            "final_snapshot_identifier": null,
            "global_cluster_identifier": null,
            "iam_database_authentication_enabled": null,
            "master_password": "bar",
            "master_username": "foo",
            "preferred_backup_window": "07:00-09:00",
            "replication_source_identifier": null,
            "restore_to_point_in_time": [],
            "s3_import": [],
            "scaling_configuration": [],
            "skip_final_snapshot": false,
            "snapshot_identifier": null,
            "source_region": null,
            "tags": null,
            "timeouts": null
          },
          "sensitive_values": {
            "availability_zones": [
              false,
              false,
              false
            ],
            "cluster_members": [],
            "iam_roles": [],
            "restore_to_point_in_time": [],
            "s3_import": [],
            "scaling_configuration": [],
            "tags_all": {},
            "vpc_security_group_ids": []
          }
        }
      ]
    }
  },
  "resource_changes": [
    {
      "address": "aws_rds_cluster.default",
      "mode": "managed",
      "type": "aws_rds_cluster",
      "name": "default",
      "provider_name": "registry.terraform.io/hashicorp/aws",
      "change": {
        "actions": [
          "create"
        ],
        "before": null,
        "after": {
          "allow_major_version_upgrade": null,
          "availability_zones": [
            "us-west-2a",
            "us-west-2b",
            "us-west-2c"
          ],
          "backtrack_window": null,
          "backup_retention_period": 5,
          "cluster_identifier": "aurora-cluster-demo",
          "copy_tags_to_snapshot": false,
          "database_name": "mydb",
          "db_instance_parameter_group_name": null,
          "deletion_protection": null,
          "enable_global_write_forwarding": false,
          "enable_http_endpoint": false,
          "enabled_cloudwatch_logs_exports": null,
          "engine": "aurora-mysql",
          "engine_mode": "provisioned",
          "engine_version": "5.7.mysql_aurora.2.03.2",
          "final_snapshot_identifier": null,
          "global_cluster_identifier": null,
          "iam_database_authentication_enabled": null,
          "master_password": "bar",
          "master_username": "foo",
          "preferred_backup_window": "07:00-09:00",
          "replication_source_identifier": null,
          "restore_to_point_in_time": [],
          "s3_import": [],
          "scaling_configuration": [],
          "skip_final_snapshot": false,
          "snapshot_identifier": null,
          "source_region": null,
          "tags": {
            "Custodian": "true",
            "dfds.env": "prod"
          },
          "tags_all": {
            "Custodian": "true",
            "dfds.env": "prod"
          },
          "timeouts": null
        },
        "after_unknown": {
          "apply_immediately": true,
          "arn": true,
          "availability_zones": [
            false,
            false,
            false
          ],
          "cluster_identifier_prefix": true,
          "cluster_members": true,
          "cluster_resource_id": true,
          "db_cluster_parameter_group_name": true,
          "db_subnet_group_name": true,
          "endpoint": true,
          "engine_version_actual": true,
          "hosted_zone_id": true,
          "iam_roles": true,
          "id": true,
          "kms_key_id": true,
          "port": true,
          "preferred_maintenance_window": true,
          "reader_endpoint": true,
          "restore_to_point_in_time": [],
          "s3_import": [],
          "scaling_configuration": [],
          "storage_encrypted": true,
          "tags": {},
          "tags_all": {},
          "vpc_security_group_ids": true
        },
        "before_sensitive": false,
        "after_sensitive": {
          "availability_zones": [
            false,
            false,
            false
          ],
          "cluster_members": [],
          "iam_roles": [],
          "master_password": true,
          "restore_to_point_in_time": [],
          "s3_import": [],
          "scaling_configuration": [],
          "tags": {},
          "tags_all": {},
          "vpc_security_group_ids": []
        }
      }
    },
    {
      "address": "aws_rds_cluster.default2",
      "mode": "managed",
      "type": "aws_rds_cluster",
      "name": "default2",
      "provider_name": "registry.terraform.io/hashicorp/aws",
      "change": {
        "actions": [
          "create"
        ],
        "before": null,
        "after": {
          "allow_major_version_upgrade": null,
          "availability_zones": [
            "us-west-2a",
            "us-west-2b",
            "us-west-2c"
          ],
          "backtrack_window": null,
          "backup_retention_period": 5,
          "cluster_identifier": "aurora-cluster-demo2",
          "copy_tags_to_snapshot": false,
          "database_name": "mydb",
          "db_instance_parameter_group_name": null,
          "deletion_protection": null,
          "enable_global_write_forwarding": false,
          "enable_http_endpoint": false,
          "enabled_cloudwatch_logs_exports": null,
          "engine": "aurora-mysql",
          "engine_mode": "provisioned",
          "engine_version": "5.7.mysql_aurora.2.03.2",
          "final_snapshot_identifier": null,
          "global_cluster_identifier": null,
          "iam_database_authentication_enabled": null,
          "master_password": "bar",
          "master_username": "foo",
          "preferred_backup_window": "07:00-09:00",
          "replication_source_identifier": null,
          "restore_to_point_in_time": [],
          "s3_import": [],
          "scaling_configuration": [],
          "skip_final_snapshot": false,
          "snapshot_identifier": null,
          "source_region": null,
          "tags": null,
          "timeouts": null
        },
        "after_unknown": {
          "apply_immediately": true,
          "arn": true,
          "availability_zones": [
            false,
            false,
            false
          ],
          "cluster_identifier_prefix": true,
          "cluster_members": true,
          "cluster_resource_id": true,
          "db_cluster_parameter_group_name": true,
          "db_subnet_group_name": true,
          "endpoint": true,
          "engine_version_actual": true,
          "hosted_zone_id": true,
          "iam_roles": true,
          "id": true,
          "kms_key_id": true,
          "port": true,
          "preferred_maintenance_window": true,
          "reader_endpoint": true,
          "restore_to_point_in_time": [],
          "s3_import": [],
          "scaling_configuration": [],
          "storage_encrypted": true,
          "tags_all": true,
          "vpc_security_group_ids": true
        },
        "before_sensitive": false,
        "after_sensitive": {
          "availability_zones": [
            false,
            false,
            false
          ],
          "cluster_members": [],
          "iam_roles": [],
          "master_password": true,
          "restore_to_point_in_time": [],
          "s3_import": [],
          "scaling_configuration": [],
          "tags_all": {},
          "vpc_security_group_ids": []
        }
      }
    }
  ],
  "configuration": {
    "provider_config": {
      "aws": {
        "name": "aws",
        "full_name": "registry.terraform.io/hashicorp/aws",
        "version_constraint": "3.74.0",
        "expressions": {
          "access_key": {
            "constant_value": "mock_access_key"
          },
          "region": {
            "constant_value": "eu-west-1"
          },
          "s3_force_path_style": {
            "constant_value": true
          },
          "secret_key": {
            "constant_value": "mock_secret_key"
          },
          "skip_credentials_validation": {
            "constant_value": true
          },
          "skip_metadata_api_check": {
            "constant_value": true
          },
          "skip_requesting_account_id": {
            "constant_value": true
          }
        }
      }
    },
    "root_module": {
      "resources": [
        {
          "address": "aws_rds_cluster.default",
          "mode": "managed",
          "type": "aws_rds_cluster",
          "name": "default",
          "provider_config_key": "aws",
          "expressions": {
            "availability_zones": {
              "constant_value": [
                "us-west-2a",
                "us-west-2b",
                "us-west-2c"
              ]
            },
            "backup_retention_period": {
              "constant_value": 5
            },
            "cluster_identifier": {
              "constant_value": "aurora-cluster-demo"
            },
            "database_name": {
              "constant_value": "mydb"
            },
            "engine": {
              "constant_value": "aurora-mysql"
            },
            "engine_version": {
              "constant_value": "5.7.mysql_aurora.2.03.2"
            },
            "master_password": {
              "constant_value": "bar"
            },
            "master_username": {
              "constant_value": "foo"
            },
            "preferred_backup_window": {
              "constant_value": "07:00-09:00"
            },
            "tags": {
              "references": [
                "var.tags_group1"
              ]
            }
          },
          "schema_version": 0
        },
        {
          "address": "aws_rds_cluster.default2",
          "mode": "managed",
          "type": "aws_rds_cluster",
          "name": "default2",
          "provider_config_key": "aws",
          "expressions": {
            "availability_zones": {
              "constant_value": [
                "us-west-2a",
                "us-west-2b",
                "us-west-2c"
              ]
            },
            "backup_retention_period": {
              "constant_value": 5
            },
            "cluster_identifier": {
              "constant_value": "aurora-cluster-demo2"
            },
            "database_name": {
              "constant_value": "mydb"
            },
            "engine": {
              "constant_value": "aurora-mysql"
            },
            "engine_version": {
              "constant_value": "5.7.mysql_aurora.2.03.2"
            },
            "master_password": {
              "constant_value": "bar"
            },
            "master_username": {
              "constant_value": "foo"
            },
            "preferred_backup_window": {
              "constant_value": "07:00-09:00"
            }
          },
          "schema_version": 0
        }
      ],
      "variables": {
        "tags_group1": {
          "default": {
            "Custodian": "true",
            "dfds.env": "prod"
          }
        },
        "tags_group2": {
          "default": {
            "dfds.env": "dev"
          }
        }
      }
    }
  }
}
